
Microsoft Visual Studio Solution File, Format Version 12.00
Project("{FAE04EC0-301F-11D3-BF4B-00C04F79EFBC}") = "JSON_Serializer", "JSON_Serializer.csproj", "{7E0E10BB-D712-49E3-95F3-1094D8CF153D}"
EndProject
Global
	GlobalSection(SolutionConfigurationPlatforms) = preSolution
		Debug|Any CPU = Debug|Any CPU
		Release|Any CPU = Release|Any CPU
	EndGlobalSection
	GlobalSection(ProjectConfigurationPlatforms) = postSolution
		{7E0E10BB-D712-49E3-95F3-1094D8CF153D}.Debug|Any CPU.ActiveCfg = Debug|Any CPU
		{7E0E10BB-D712-49E3-95F3-1094D8CF153D}.Debug|Any CPU.Build.0 = Debug|Any CPU
		{7E0E10BB-D712-49E3-95F3-1094D8CF153D}.Release|Any CPU.ActiveCfg = Release|Any CPU
		{7E0E10BB-D712-49E3-95F3-1094D8CF153D}.Release|Any CPU.Build.0 = Release|Any CPU
	EndGlobalSection
EndGlobal
